
Microsoft Visual Studio Solution File, Format Version 12.00
# Visual Studio Version 17
VisualStudioVersion = 17.11.35312.102
MinimumVisualStudioVersion = 10.0.40219.1
Project("{FAE04EC0-301F-11D3-BF4B-00C04F79EFBC}") = "Exam", "Exam\Exam.csproj", "{31E31B42-487E-4EA8-A9F2-3A67A09F3B95}"
EndProject
Project("{FAE04EC0-301F-11D3-BF4B-00C04F79EFBC}") = "DAL", "DAL\DAL.csproj", "{2F8C6F8B-112C-4740-87A2-22B9556832B4}"
EndProject
Project("{FAE04EC0-301F-11D3-BF4B-00C04F79EFBC}") = "BL", "BL\BL.csproj", "{C5A4CD74-E350-4568-AAB4-103CA5296D7C}"
EndProject
Global
	GlobalSection(SolutionConfigurationPlatforms) = preSolution
		Debug|Any CPU = Debug|Any CPU
		Release|Any CPU = Release|Any CPU
	EndGlobalSection
	GlobalSection(ProjectConfigurationPlatforms) = postSolution
		{31E31B42-487E-4EA8-A9F2-3A67A09F3B95}.Debug|Any CPU.ActiveCfg = Debug|Any CPU
		{31E31B42-487E-4EA8-A9F2-3A67A09F3B95}.Debug|Any CPU.Build.0 = Debug|Any CPU
		{31E31B42-487E-4EA8-A9F2-3A67A09F3B95}.Release|Any CPU.ActiveCfg = Release|Any CPU
		{31E31B42-487E-4EA8-A9F2-3A67A09F3B95}.Release|Any CPU.Build.0 = Release|Any CPU
		{2F8C6F8B-112C-4740-87A2-22B9556832B4}.Debug|Any CPU.ActiveCfg = Debug|Any CPU
		{2F8C6F8B-112C-4740-87A2-22B9556832B4}.Debug|Any CPU.Build.0 = Debug|Any CPU
		{2F8C6F8B-112C-4740-87A2-22B9556832B4}.Release|Any CPU.ActiveCfg = Release|Any CPU
		{2F8C6F8B-112C-4740-87A2-22B9556832B4}.Release|Any CPU.Build.0 = Release|Any CPU
		{C5A4CD74-E350-4568-AAB4-103CA5296D7C}.Debug|Any CPU.ActiveCfg = Debug|Any CPU
		{C5A4CD74-E350-4568-AAB4-103CA5296D7C}.Debug|Any CPU.Build.0 = Debug|Any CPU
		{C5A4CD74-E350-4568-AAB4-103CA5296D7C}.Release|Any CPU.ActiveCfg = Release|Any CPU
		{C5A4CD74-E350-4568-AAB4-103CA5296D7C}.Release|Any CPU.Build.0 = Release|Any CPU
	EndGlobalSection
	GlobalSection(SolutionProperties) = preSolution
		HideSolutionNode = FALSE
	EndGlobalSection
	GlobalSection(ExtensibilityGlobals) = postSolution
		SolutionGuid = {951F0057-D37C-45E0-BA5A-87F3BBE8C68E}
	EndGlobalSection
EndGlobal
